
Microsoft Visual Studio Solution File, Format Version 12.00
# Visual Studio Version 17
VisualStudioVersion = 17.0.32014.148
MinimumVisualStudioVersion = 10.0.40219.1
Project("{FAE04EC0-301F-11D3-BF4B-00C04F79EFBC}") = "NMEA", "NMEA\NMEA.csproj", "{8B80EEDF-52EC-42D1-8814-02B0218F69DC}"
EndProject
Global
	GlobalSection(SolutionConfigurationPlatforms) = preSolution
		Debug|Any CPU = Debug|Any CPU
		Release|Any CPU = Release|Any CPU
	EndGlobalSection
	GlobalSection(ProjectConfigurationPlatforms) = postSolution
		{8B80EEDF-52EC-42D1-8814-02B0218F69DC}.Debug|Any CPU.ActiveCfg = Debug|Any CPU
		{8B80EEDF-52EC-42D1-8814-02B0218F69DC}.Debug|Any CPU.Build.0 = Debug|Any CPU
		{8B80EEDF-52EC-42D1-8814-02B0218F69DC}.Release|Any CPU.ActiveCfg = Release|Any CPU
		{8B80EEDF-52EC-42D1-8814-02B0218F69DC}.Release|Any CPU.Build.0 = Release|Any CPU
	EndGlobalSection
	GlobalSection(SolutionProperties) = preSolution
		HideSolutionNode = FALSE
	EndGlobalSection
	GlobalSection(ExtensibilityGlobals) = postSolution
		SolutionGuid = {4D78244D-6454-4F86-9EA9-24C382DF6A70}
	EndGlobalSection
EndGlobal
